# @generated by Move, please check-in and do not edit manually.

[move]
version = 3
manifest_digest = "058F5744A7BF687C0B8125672BB44F2CFF30FA3C0888E7ADBFD9634810A1CEA0"
deps_digest = "F8BBB0CCB2491CA29A3DF03D6F92277A4F3574266507ACD77214D37ECA3F3082"
dependencies = [
  { id = "Sui", name = "Sui" },
]

[[move.package]]
id = "MoveStdlib"
source = { git = "https://github.com/MystenLabs/sui.git", rev = "framework/testnet", subdir = "crates/sui-framework/packages/move-stdlib" }

[[move.package]]
id = "Sui"
source = { git = "https://github.com/MystenLabs/sui.git", rev = "framework/testnet", subdir = "crates/sui-framework/packages/sui-framework" }

dependencies = [
  { id = "MoveStdlib", name = "MoveStdlib" },
]

[move.toolchain-version]
compiler-version = "1.44.0"
edition = "2024.beta"
flavor = "sui"

[env]

[env.testnet]
chain-id = "4c78adac"
original-published-id = "0xa631cfd03ac281b081dfad7b1afee38eaceb2a52b9d54650cd7a916c2d6133ef"
latest-published-id = "0xa631cfd03ac281b081dfad7b1afee38eaceb2a52b9d54650cd7a916c2d6133ef"
published-version = "1"
